
Microsoft Visual Studio Solution File, Format Version 12.00
# Visual Studio 15
VisualStudioVersion = 15.0.27703.2000
MinimumVisualStudioVersion = 10.0.40219.1
Project("{FAE04EC0-301F-11D3-BF4B-00C04F79EFBC}") = "WebImageGallery", "WebImageGallery\WebImageGallery.csproj", "{5832BE96-64EC-45DE-AFAD-FD4B9B8974DA}"
EndProject
Project("{FAE04EC0-301F-11D3-BF4B-00C04F79EFBC}") = "StorageService", "StorageService\StorageService.csproj", "{32E9321A-358F-4E9D-90BE-4F2246BD45BE}"
EndProject
Global
	GlobalSection(SolutionConfigurationPlatforms) = preSolution
		Debug|Any CPU = Debug|Any CPU
		Release|Any CPU = Release|Any CPU
	EndGlobalSection
	GlobalSection(ProjectConfigurationPlatforms) = postSolution
		{5832BE96-64EC-45DE-AFAD-FD4B9B8974DA}.Debug|Any CPU.ActiveCfg = Debug|Any CPU
		{5832BE96-64EC-45DE-AFAD-FD4B9B8974DA}.Debug|Any CPU.Build.0 = Debug|Any CPU
		{5832BE96-64EC-45DE-AFAD-FD4B9B8974DA}.Release|Any CPU.ActiveCfg = Release|Any CPU
		{5832BE96-64EC-45DE-AFAD-FD4B9B8974DA}.Release|Any CPU.Build.0 = Release|Any CPU
		{32E9321A-358F-4E9D-90BE-4F2246BD45BE}.Debug|Any CPU.ActiveCfg = Debug|Any CPU
		{32E9321A-358F-4E9D-90BE-4F2246BD45BE}.Debug|Any CPU.Build.0 = Debug|Any CPU
		{32E9321A-358F-4E9D-90BE-4F2246BD45BE}.Release|Any CPU.ActiveCfg = Release|Any CPU
		{32E9321A-358F-4E9D-90BE-4F2246BD45BE}.Release|Any CPU.Build.0 = Release|Any CPU
	EndGlobalSection
	GlobalSection(SolutionProperties) = preSolution
		HideSolutionNode = FALSE
	EndGlobalSection
	GlobalSection(ExtensibilityGlobals) = postSolution
		SolutionGuid = {BFBA702B-7F88-442E-BB6E-388C63DC20C5}
	EndGlobalSection
EndGlobal
